
Microsoft Visual Studio Solution File, Format Version 12.00
# Visual Studio 14
VisualStudioVersion = 14.0.25420.1
MinimumVisualStudioVersion = 10.0.40219.1
Project("{FAE04EC0-301F-11D3-BF4B-00C04F79EFBC}") = "Basenet.Educase.IdentityServer.IdentityManager", "Basenet.Educase.IdentityServer.IdentityManager\Basenet.Educase.IdentityServer.IdentityManager.csproj", "{4363F9B6-3D86-42B6-A056-833491282616}"
EndProject
Global
	GlobalSection(SolutionConfigurationPlatforms) = preSolution
		Debug|Any CPU = Debug|Any CPU
		Release|Any CPU = Release|Any CPU
	EndGlobalSection
	GlobalSection(ProjectConfigurationPlatforms) = postSolution
		{4363F9B6-3D86-42B6-A056-833491282616}.Debug|Any CPU.ActiveCfg = Debug|Any CPU
		{4363F9B6-3D86-42B6-A056-833491282616}.Debug|Any CPU.Build.0 = Debug|Any CPU
		{4363F9B6-3D86-42B6-A056-833491282616}.Release|Any CPU.ActiveCfg = Release|Any CPU
		{4363F9B6-3D86-42B6-A056-833491282616}.Release|Any CPU.Build.0 = Release|Any CPU
	EndGlobalSection
	GlobalSection(SolutionProperties) = preSolution
		HideSolutionNode = FALSE
	EndGlobalSection
	GlobalSection(TeamFoundationVersionControl) = preSolution
		SccNumberOfProjects = 2
		SccEnterpriseProvider = {4CA58AB2-18FA-4F8D-95D4-32DDF27D184C}
		SccTeamFoundationServer = http://bni-sur-vs032:8080/tfs/basenet2012
		SccLocalPath0 = .
		SccProjectUniqueName1 = Basenet.Educase.IdentityServer.IdentityManager\\Basenet.Educase.IdentityServer.IdentityManager.csproj
		SccProjectName1 = Basenet.Educase.IdentityServer.IdentityManager
		SccLocalPath1 = Basenet.Educase.IdentityServer.IdentityManager
	EndGlobalSection
EndGlobal
